
Microsoft Visual Studio Solution File, Format Version 12.00
# Visual Studio Version 16
VisualStudioVersion = 16.0.30717.126
MinimumVisualStudioVersion = 10.0.40219.1
Project("{FAE04EC0-301F-11D3-BF4B-00C04F79EFBC}") = "ClassMetotDemo", "ClassMetotDemo\ClassMetotDemo.csproj", "{44DC4DE1-C7C5-4B42-88A4-9CB581BF5576}"
EndProject
Global
	GlobalSection(SolutionConfigurationPlatforms) = preSolution
		Debug|Any CPU = Debug|Any CPU
		Release|Any CPU = Release|Any CPU
	EndGlobalSection
	GlobalSection(ProjectConfigurationPlatforms) = postSolution
		{44DC4DE1-C7C5-4B42-88A4-9CB581BF5576}.Debug|Any CPU.ActiveCfg = Debug|Any CPU
		{44DC4DE1-C7C5-4B42-88A4-9CB581BF5576}.Debug|Any CPU.Build.0 = Debug|Any CPU
		{44DC4DE1-C7C5-4B42-88A4-9CB581BF5576}.Release|Any CPU.ActiveCfg = Release|Any CPU
		{44DC4DE1-C7C5-4B42-88A4-9CB581BF5576}.Release|Any CPU.Build.0 = Release|Any CPU
	EndGlobalSection
	GlobalSection(SolutionProperties) = preSolution
		HideSolutionNode = FALSE
	EndGlobalSection
	GlobalSection(ExtensibilityGlobals) = postSolution
		SolutionGuid = {41E23424-3E7B-4FCD-8478-E585F7461679}
	EndGlobalSection
EndGlobal
